
Microsoft Visual Studio Solution File, Format Version 12.00
# Visual Studio Version 17
VisualStudioVersion = 17.6.33815.320
MinimumVisualStudioVersion = 10.0.40219.1
Project("{FAE04EC0-301F-11D3-BF4B-00C04F79EFBC}") = "HRApp", "HRApp\HRApp.csproj", "{BA92F9AF-03F1-4487-9BE3-34E8F710B754}"
EndProject
Global
	GlobalSection(SolutionConfigurationPlatforms) = preSolution
		Debug|Any CPU = Debug|Any CPU
		Release|Any CPU = Release|Any CPU
	EndGlobalSection
	GlobalSection(ProjectConfigurationPlatforms) = postSolution
		{BA92F9AF-03F1-4487-9BE3-34E8F710B754}.Debug|Any CPU.ActiveCfg = Debug|Any CPU
		{BA92F9AF-03F1-4487-9BE3-34E8F710B754}.Debug|Any CPU.Build.0 = Debug|Any CPU
		{BA92F9AF-03F1-4487-9BE3-34E8F710B754}.Release|Any CPU.ActiveCfg = Release|Any CPU
		{BA92F9AF-03F1-4487-9BE3-34E8F710B754}.Release|Any CPU.Build.0 = Release|Any CPU
	EndGlobalSection
	GlobalSection(SolutionProperties) = preSolution
		HideSolutionNode = FALSE
	EndGlobalSection
	GlobalSection(ExtensibilityGlobals) = postSolution
		SolutionGuid = {EE8C5DCA-ADA4-4FF7-973F-BAE353B16D5F}
	EndGlobalSection
EndGlobal
